// !$*UTF8*$!
{
	archiveVersion = 1;
	classes = {
	};
	objectVersion = 50;
	objects = {

/* Begin PBXBuildFile section */
		95A2987021D37E8C00B16FE7 /* AppDelegate.swift in Sources */ = {isa = PBXBuildFile; fileRef = 95A2986F21D37E8C00B16FE7 /* AppDelegate.swift */; };
		95A2987221D37E8C00B16FE7 /* ViewController.swift in Sources */ = {isa = PBXBuildFile; fileRef = 95A2987121D37E8C00B16FE7 /* ViewController.swift */; };
		95A2987521D37E8C00B16FE7 /* Main.storyboard in Resources */ = {isa = PBXBuildFile; fileRef = 95A2987321D37E8C00B16FE7 /* Main.storyboard */; };
		95A2987721D37E8D00B16FE7 /* Assets.xcassets in Resources */ = {isa = PBXBuildFile; fileRef = 95A2987621D37E8D00B16FE7 /* Assets.xcassets */; };
		95A2987A21D37E8D00B16FE7 /* LaunchScreen.storyboard in Resources */ = {isa = PBXBuildFile; fileRef = 95A2987821D37E8D00B16FE7 /* LaunchScreen.storyboard */; };
		95A2988521D37E8D00B16FE7 /* FoursquareTests.swift in Sources */ = {isa = PBXBuildFile; fileRef = 95A2988421D37E8D00B16FE7 /* FoursquareTests.swift */; };
		95A2989021D37E8D00B16FE7 /* FoursquareUITests.swift in Sources */ = {isa = PBXBuildFile; fileRef = 95A2988F21D37E8D00B16FE7 /* FoursquareUITests.swift */; };
/* End PBXBuildFile section */

/* Begin PBXContainerItemProxy section */
		95A2988121D37E8D00B16FE7 /* PBXContainerItemProxy */ = {
			isa = PBXContainerItemProxy;
			containerPortal = 95A2986421D37E8C00B16FE7 /* Project object */;
			proxyType = 1;
			remoteGlobalIDString = 95A2986B21D37E8C00B16FE7;
			remoteInfo = Foursquare;
		};
		95A2988C21D37E8D00B16FE7 /* PBXContainerItemProxy */ = {
			isa = PBXContainerItemProxy;
			containerPortal = 95A2986421D37E8C00B16FE7 /* Project object */;
			proxyType = 1;
			remoteGlobalIDString = 95A2986B21D37E8C00B16FE7;
			remoteInfo = Foursquare;
		};
/* End PBXContainerItemProxy section */

/* Begin PBXFileReference section */
		95A2986C21D37E8C00B16FE7 /* Foursquare.app */ = {isa = PBXFileReference; explicitFileType = wrapper.application; includeInIndex = 0; path = Foursquare.app; sourceTree = BUILT_PRODUCTS_DIR; };
		95A2986F21D37E8C00B16FE7 /* AppDelegate.swift */ = {isa = PBXFileReference; lastKnownFileType = sourcecode.swift; path = AppDelegate.swift; sourceTree = "<group>"; };
		95A2987121D37E8C00B16FE7 /* ViewController.swift */ = {isa = PBXFileReference; lastKnownFileType = sourcecode.swift; path = ViewController.swift; sourceTree = "<group>"; };
		95A2987421D37E8C00B16FE7 /* Base */ = {isa = PBXFileReference; lastKnownFileType = file.storyboard; name = Base; path = Base.lproj/Main.storyboard; sourceTree = "<group>"; };
		95A2987621D37E8D00B16FE7 /* Assets.xcassets */ = {isa = PBXFileReference; lastKnownFileType = folder.assetcatalog; path = Assets.xcassets; sourceTree = "<group>"; };
		95A2987921D37E8D00B16FE7 /* Base */ = {isa = PBXFileReference; lastKnownFileType = file.storyboard; name = Base; path = Base.lproj/LaunchScreen.storyboard; sourceTree = "<group>"; };
		95A2987B21D37E8D00B16FE7 /* Info.plist */ = {isa = PBXFileReference; lastKnownFileType = text.plist.xml; path = Info.plist; sourceTree = "<group>"; };
		95A2988021D37E8D00B16FE7 /* FoursquareTests.xctest */ = {isa = PBXFileReference; explicitFileType = wrapper.cfbundle; includeInIndex = 0; path = FoursquareTests.xctest; sourceTree = BUILT_PRODUCTS_DIR; };
		95A2988421D37E8D00B16FE7 /* FoursquareTests.swift */ = {isa = PBXFileReference; lastKnownFileType = sourcecode.swift; path = FoursquareTests.swift; sourceTree = "<group>"; };
		95A2988621D37E8D00B16FE7 /* Info.plist */ = {isa = PBXFileReference; lastKnownFileType = text.plist.xml; path = Info.plist; sourceTree = "<group>"; };
		95A2988B21D37E8D00B16FE7 /* FoursquareUITests.xctest */ = {isa = PBXFileReference; explicitFileType = wrapper.cfbundle; includeInIndex = 0; path = FoursquareUITests.xctest; sourceTree = BUILT_PRODUCTS_DIR; };
		95A2988F21D37E8D00B16FE7 /* FoursquareUITests.swift */ = {isa = PBXFileReference; lastKnownFileType = sourcecode.swift; path = FoursquareUITests.swift; sourceTree = "<group>"; };
		95A2989121D37E8D00B16FE7 /* Info.plist */ = {isa = PBXFileReference; lastKnownFileType = text.plist.xml; path = Info.plist; sourceTree = "<group>"; };
/* End PBXFileReference section */

/* Begin PBXFrameworksBuildPhase section */
		95A2986921D37E8C00B16FE7 /* Frameworks */ = {
			isa = PBXFrameworksBuildPhase;
			buildActionMask = 2147483647;
			files = (
			);
			runOnlyForDeploymentPostprocessing = 0;
		};
		95A2987D21D37E8D00B16FE7 /* Frameworks */ = {
			isa = PBXFrameworksBuildPhase;
			buildActionMask = 2147483647;
			files = (
			);
			runOnlyForDeploymentPostprocessing = 0;
		};
		95A2988821D37E8D00B16FE7 /* Frameworks */ = {
			isa = PBXFrameworksBuildPhase;
			buildActionMask = 2147483647;
			files = (
			);
			runOnlyForDeploymentPostprocessing = 0;
		};
/* End PBXFrameworksBuildPhase section */

/* Begin PBXGroup section */
		95A2986321D37E8C00B16FE7 = {
			isa = PBXGroup;
			children = (
				95A2986E21D37E8C00B16FE7 /* Foursquare */,
				95A2988321D37E8D00B16FE7 /* FoursquareTests */,
				95A2988E21D37E8D00B16FE7 /* FoursquareUITests */,
				95A2986D21D37E8C00B16FE7 /* Products */,
			);
			sourceTree = "<group>";
		};
		95A2986D21D37E8C00B16FE7 /* Products */ = {
			isa = PBXGroup;
			children = (
				95A2986C21D37E8C00B16FE7 /* Foursquare.app */,
				95A2988021D37E8D00B16FE7 /* FoursquareTests.xctest */,
				95A2988B21D37E8D00B16FE7 /* FoursquareUITests.xctest */,
			);
			name = Products;
			sourceTree = "<group>";
		};
		95A2986E21D37E8C00B16FE7 /* Foursquare */ = {
			isa = PBXGroup;
			children = (
				95A2986F21D37E8C00B16FE7 /* AppDelegate.swift */,
				95A2987121D37E8C00B16FE7 /* ViewController.swift */,
				95A2987321D37E8C00B16FE7 /* Main.storyboard */,
				95A2987621D37E8D00B16FE7 /* Assets.xcassets */,
				95A2987821D37E8D00B16FE7 /* LaunchScreen.storyboard */,
				95A2987B21D37E8D00B16FE7 /* Info.plist */,
			);
			path = Foursquare;
			sourceTree = "<group>";
		};
		95A2988321D37E8D00B16FE7 /* FoursquareTests */ = {
			isa = PBXGroup;
			children = (
				95A2988421D37E8D00B16FE7 /* FoursquareTests.swift */,
				95A2988621D37E8D00B16FE7 /* Info.plist */,
			);
			path = FoursquareTests;
			sourceTree = "<group>";
		};
		95A2988E21D37E8D00B16FE7 /* FoursquareUITests */ = {
			isa = PBXGroup;
			children = (
				95A2988F21D37E8D00B16FE7 /* FoursquareUITests.swift */,
				95A2989121D37E8D00B16FE7 /* Info.plist */,
			);
			path = FoursquareUITests;
			sourceTree = "<group>";
		};
/* End PBXGroup section */

/* Begin PBXNativeTarget section */
		95A2986B21D37E8C00B16FE7 /* Foursquare */ = {
			isa = PBXNativeTarget;
			buildConfigurationList = 95A2989421D37E8D00B16FE7 /* Build configuration list for PBXNativeTarget "Foursquare" */;
			buildPhases = (
				95A2986821D37E8C00B16FE7 /* Sources */,
				95A2986921D37E8C00B16FE7 /* Frameworks */,
				95A2986A21D37E8C00B16FE7 /* Resources */,
			);
			buildRules = (
			);
			dependencies = (
			);
			name = Foursquare;
			productName = Foursquare;
			productReference = 95A2986C21D37E8C00B16FE7 /* Foursquare.app */;
			productType = "com.apple.product-type.application";
		};
		95A2987F21D37E8D00B16FE7 /* FoursquareTests */ = {
			isa = PBXNativeTarget;
			buildConfigurationList = 95A2989721D37E8D00B16FE7 /* Build configuration list for PBXNativeTarget "FoursquareTests" */;
			buildPhases = (
				95A2987C21D37E8D00B16FE7 /* Sources */,
				95A2987D21D37E8D00B16FE7 /* Frameworks */,
				95A2987E21D37E8D00B16FE7 /* Resources */,
			);
			buildRules = (
			);
			dependencies = (
				95A2988221D37E8D00B16FE7 /* PBXTargetDependency */,
			);
			name = FoursquareTests;
			productName = FoursquareTests;
			productReference = 95A2988021D37E8D00B16FE7 /* FoursquareTests.xctest */;
			productType = "com.apple.product-type.bundle.unit-test";
		};
		95A2988A21D37E8D00B16FE7 /* FoursquareUITests */ = {
			isa = PBXNativeTarget;
			buildConfigurationList = 95A2989A21D37E8D00B16FE7 /* Build configuration list for PBXNativeTarget "FoursquareUITests" */;
			buildPhases = (
				95A2988721D37E8D00B16FE7 /* Sources */,
				95A2988821D37E8D00B16FE7 /* Frameworks */,
				95A2988921D37E8D00B16FE7 /* Resources */,
			);
			buildRules = (
			);
			dependencies = (
				95A2988D21D37E8D00B16FE7 /* PBXTargetDependency */,
			);
			name = FoursquareUITests;
			productName = FoursquareUITests;
			productReference = 95A2988B21D37E8D00B16FE7 /* FoursquareUITests.xctest */;
			productType = "com.apple.product-type.bundle.ui-testing";
		};
/* End PBXNativeTarget section */

/* Begin PBXProject section */
		95A2986421D37E8C00B16FE7 /* Project object */ = {
			isa = PBXProject;
			attributes = {
				LastSwiftUpdateCheck = 1010;
				LastUpgradeCheck = 1010;
				ORGANIZATIONNAME = "Roman Levinzon";
				TargetAttributes = {
					95A2986B21D37E8C00B16FE7 = {
						CreatedOnToolsVersion = 10.1;
					};
					95A2987F21D37E8D00B16FE7 = {
						CreatedOnToolsVersion = 10.1;
						TestTargetID = 95A2986B21D37E8C00B16FE7;
					};
					95A2988A21D37E8D00B16FE7 = {
						CreatedOnToolsVersion = 10.1;
						TestTargetID = 95A2986B21D37E8C00B16FE7;
					};
				};
			};
			buildConfigurationList = 95A2986721D37E8C00B16FE7 /* Build configuration list for PBXProject "Foursquare" */;
			compatibilityVersion = "Xcode 9.3";
			developmentRegion = en;
			hasScannedForEncodings = 0;
			knownRegions = (
				en,
				Base,
			);
			mainGroup = 95A2986321D37E8C00B16FE7;
			productRefGroup = 95A2986D21D37E8C00B16FE7 /* Products */;
			projectDirPath = "";
			projectRoot = "";
			targets = (
				95A2986B21D37E8C00B16FE7 /* Foursquare */,
				95A2987F21D37E8D00B16FE7 /* FoursquareTests */,
				95A2988A21D37E8D00B16FE7 /* FoursquareUITests */,
			);
		};
/* End PBXProject section */

/* Begin PBXResourcesBuildPhase section */
		95A2986A21D37E8C00B16FE7 /* Resources */ = {
			isa = PBXResourcesBuildPhase;
			buildActionMask = 2147483647;
			files = (
				95A2987A21D37E8D00B16FE7 /* LaunchScreen.storyboard in Resources */,
				95A2987721D37E8D00B16FE7 /* Assets.xcassets in Resources */,
				95A2987521D37E8C00B16FE7 /* Main.storyboard in Resources */,
			);
			runOnlyForDeploymentPostprocessing = 0;
		};
		95A2987E21D37E8D00B16FE7 /* Resources */ = {
			isa = PBXResourcesBuildPhase;
			buildActionMask = 2147483647;
			files = (
			);
			runOnlyForDeploymentPostprocessing = 0;
		};
		95A2988921D37E8D00B16FE7 /* Resources */ = {
			isa = PBXResourcesBuildPhase;
			buildActionMask = 2147483647;
			files = (
			);
			runOnlyForDeploymentPostprocessing = 0;
		};
/* End PBXResourcesBuildPhase section */

/* Begin PBXSourcesBuildPhase section */
		95A2986821D37E8C00B16FE7 /* Sources */ = {
			isa = PBXSourcesBuildPhase;
			buildActionMask = 2147483647;
			files = (
				95A2987221D37E8C00B16FE7 /* ViewController.swift in Sources */,
				95A2987021D37E8C00B16FE7 /* AppDelegate.swift in Sources */,
			);
			runOnlyForDeploymentPostprocessing = 0;
		};
		95A2987C21D37E8D00B16FE7 /* Sources */ = {
			isa = PBXSourcesBuildPhase;
			buildActionMask = 2147483647;
			files = (
				95A2988521D37E8D00B16FE7 /* FoursquareTests.swift in Sources */,
			);
			runOnlyForDeploymentPostprocessing = 0;
		};
		95A2988721D37E8D00B16FE7 /* Sources */ = {
			isa = PBXSourcesBuildPhase;
			buildActionMask = 2147483647;
			files = (
				95A2989021D37E8D00B16FE7 /* FoursquareUITests.swift in Sources */,
			);
			runOnlyForDeploymentPostprocessing = 0;
		};
/* End PBXSourcesBuildPhase section */

/* Begin PBXTargetDependency section */
		95A2988221D37E8D00B16FE7 /* PBXTargetDependency */ = {
			isa = PBXTargetDependency;
			target = 95A2986B21D37E8C00B16FE7 /* Foursquare */;
			targetProxy = 95A2988121D37E8D00B16FE7 /* PBXContainerItemProxy */;
		};
		95A2988D21D37E8D00B16FE7 /* PBXTargetDependency */ = {
			isa = PBXTargetDependency;
			target = 95A2986B21D37E8C00B16FE7 /* Foursquare */;
			targetProxy = 95A2988C21D37E8D00B16FE7 /* PBXContainerItemProxy */;
		};
/* End PBXTargetDependency section */

/* Begin PBXVariantGroup section */
		95A2987321D37E8C00B16FE7 /* Main.storyboard */ = {
			isa = PBXVariantGroup;
			children = (
				95A2987421D37E8C00B16FE7 /* Base */,
			);
			name = Main.storyboard;
			sourceTree = "<group>";
		};
		95A2987821D37E8D00B16FE7 /* LaunchScreen.storyboard */ = {
			isa = PBXVariantGroup;
			children = (
				95A2987921D37E8D00B16FE7 /* Base */,
			);
			name = LaunchScreen.storyboard;
			sourceTree = "<group>";
		};
/* End PBXVariantGroup section */

/* Begin XCBuildConfiguration section */
		95A2989221D37E8D00B16FE7 /* Debug */ = {
			isa = XCBuildConfiguration;
			buildSettings = {
				ALWAYS_SEARCH_USER_PATHS = NO;
				CLANG_ANALYZER_NONNULL = YES;
				CLANG_ANALYZER_NUMBER_OBJECT_CONVERSION = YES_AGGRESSIVE;
				CLANG_CXX_LANGUAGE_STANDARD = "gnu++14";
				CLANG_CXX_LIBRARY = "libc++";
				CLANG_ENABLE_MODULES = YES;
				CLANG_ENABLE_OBJC_ARC = YES;
				CLANG_ENABLE_OBJC_WEAK = YES;
				CLANG_WARN_BLOCK_CAPTURE_AUTORELEASING = YES;
				CLANG_WARN_BOOL_CONVERSION = YES;
				CLANG_WARN_COMMA = YES;
				CLANG_WARN_CONSTANT_CONVERSION = YES;
				CLANG_WARN_DEPRECATED_OBJC_IMPLEMENTATIONS = YES;
				CLANG_WARN_DIRECT_OBJC_ISA_USAGE = YES_ERROR;
				CLANG_WARN_DOCUMENTATION_COMMENTS = YES;
				CLANG_WARN_EMPTY_BODY = YES;
				CLANG_WARN_ENUM_CONVERSION = YES;
				CLANG_WARN_INFINITE_RECURSION = YES;
				CLANG_WARN_INT_CONVERSION = YES;
				CLANG_WARN_NON_LITERAL_NULL_CONVERSION = YES;
				CLANG_WARN_OBJC_IMPLICIT_RETAIN_SELF = YES;
				CLANG_WARN_OBJC_LITERAL_CONVERSION = YES;
				CLANG_WARN_OBJC_ROOT_CLASS = YES_ERROR;
				CLANG_WARN_RANGE_LOOP_ANALYSIS = YES;
				CLANG_WARN_STRICT_PROTOTYPES = YES;
				CLANG_WARN_SUSPICIOUS_MOVE = YES;
				CLANG_WARN_UNGUARDED_AVAILABILITY = YES_AGGRESSIVE;
				CLANG_WARN_UNREACHABLE_CODE = YES;
				CLANG_WARN__DUPLICATE_METHOD_MATCH = YES;
				CODE_SIGN_IDENTITY = "iPhone Developer";
				COPY_PHASE_STRIP = NO;
				DEBUG_INFORMATION_FORMAT = dwarf;
				ENABLE_STRICT_OBJC_MSGSEND = YES;
				ENABLE_TESTABILITY = YES;
				GCC_C_LANGUAGE_STANDARD = gnu11;
				GCC_DYNAMIC_NO_PIC = NO;
				GCC_NO_COMMON_BLOCKS = YES;
				GCC_OPTIMIZATION_LEVEL = 0;
				GCC_PREPROCESSOR_DEFINITIONS = (
					"DEBUG=1",
					"$(inherited)",
				);
				GCC_WARN_64_TO_32_BIT_CONVERSION = YES;
				GCC_WARN_ABOUT_RETURN_TYPE = YES_ERROR;
				GCC_WARN_UNDECLARED_SELECTOR = YES;
				GCC_WARN_UNINITIALIZED_AUTOS = YES_AGGRESSIVE;
				GCC_WARN_UNUSED_FUNCTION = YES;
				GCC_WARN_UNUSED_VARIABLE = YES;
				IPHONEOS_DEPLOYMENT_TARGET = 12.1;
				MTL_ENABLE_DEBUG_INFO = INCLUDE_SOURCE;
				MTL_FAST_MATH = YES;
				ONLY_ACTIVE_ARCH = YES;
				SDKROOT = iphoneos;
				SWIFT_ACTIVE_COMPILATION_CONDITIONS = DEBUG;
				SWIFT_OPTIMIZATION_LEVEL = "-Onone";
			};
			name = Debug;
		};
		95A2989321D37E8D00B16FE7 /* Release */ = {
			isa = XCBuildConfiguration;
			buildSettings = {
				ALWAYS_SEARCH_USER_PATHS = NO;
				CLANG_ANALYZER_NONNULL = YES;
				CLANG_ANALYZER_NUMBER_OBJECT_CONVERSION = YES_AGGRESSIVE;
				CLANG_CXX_LANGUAGE_STANDARD = "gnu++14";
				CLANG_CXX_LIBRARY = "libc++";
				CLANG_ENABLE_MODULES = YES;
				CLANG_ENABLE_OBJC_ARC = YES;
				CLANG_ENABLE_OBJC_WEAK = YES;
				CLANG_WARN_BLOCK_CAPTURE_AUTORELEASING = YES;
				CLANG_WARN_BOOL_CONVERSION = YES;
				CLANG_WARN_COMMA = YES;
				CLANG_WARN_CONSTANT_CONVERSION = YES;
				CLANG_WARN_DEPRECATED_OBJC_IMPLEMENTATIONS = YES;
				CLANG_WARN_DIRECT_OBJC_ISA_USAGE = YES_ERROR;
				CLANG_WARN_DOCUMENTATION_COMMENTS = YES;
				CLANG_WARN_EMPTY_BODY = YES;
				CLANG_WARN_ENUM_CONVERSION = YES;
				CLANG_WARN_INFINITE_RECURSION = YES;
				CLANG_WARN_INT_CONVERSION = YES;
				CLANG_WARN_NON_LITERAL_NULL_CONVERSION = YES;
				CLANG_WARN_OBJC_IMPLICIT_RETAIN_SELF = YES;
				CLANG_WARN_OBJC_LITERAL_CONVERSION = YES;
				CLANG_WARN_OBJC_ROOT_CLASS = YES_ERROR;
				CLANG_WARN_RANGE_LOOP_ANALYSIS = YES;
				CLANG_WARN_STRICT_PROTOTYPES = YES;
				CLANG_WARN_SUSPICIOUS_MOVE = YES;
				CLANG_WARN_UNGUARDED_AVAILABILITY = YES_AGGRESSIVE;
				CLANG_WARN_UNREACHABLE_CODE = YES;
				CLANG_WARN__DUPLICATE_METHOD_MATCH = YES;
				CODE_SIGN_IDENTITY = "iPhone Developer";
				COPY_PHASE_STRIP = NO;
				DEBUG_INFORMATION_FORMAT = "dwarf-with-dsym";
				ENABLE_NS_ASSERTIONS = NO;
				ENABLE_STRICT_OBJC_MSGSEND = YES;
				GCC_C_LANGUAGE_STANDARD = gnu11;
				GCC_NO_COMMON_BLOCKS = YES;
				GCC_WARN_64_TO_32_BIT_CONVERSION = YES;
				GCC_WARN_ABOUT_RETURN_TYPE = YES_ERROR;
				GCC_WARN_UNDECLARED_SELECTOR = YES;
				GCC_WARN_UNINITIALIZED_AUTOS = YES_AGGRESSIVE;
				GCC_WARN_UNUSED_FUNCTION = YES;
				GCC_WARN_UNUSED_VARIABLE = YES;
				IPHONEOS_DEPLOYMENT_TARGET = 12.1;
				MTL_ENABLE_DEBUG_INFO = NO;
				MTL_FAST_MATH = YES;
				SDKROOT = iphoneos;
				SWIFT_COMPILATION_MODE = wholemodule;
				SWIFT_OPTIMIZATION_LEVEL = "-O";
				VALIDATE_PRODUCT = YES;
			};
			name = Release;
		};
		95A2989521D37E8D00B16FE7 /* Debug */ = {
			isa = XCBuildConfiguration;
			buildSettings = {
				ASSETCATALOG_COMPILER_APPICON_NAME = AppIcon;
				CODE_SIGN_STYLE = Automatic;
				INFOPLIST_FILE = Foursquare/Info.plist;
				LD_RUNPATH_SEARCH_PATHS = (
					"$(inherited)",
					"@executable_path/Frameworks",
				);
				PRODUCT_BUNDLE_IDENTIFIER = cz.levinzonr.Foursquare;
				PRODUCT_NAME = "$(TARGET_NAME)";
				SWIFT_VERSION = 4.2;
				TARGETED_DEVICE_FAMILY = "1,2";
			};
			name = Debug;
		};
		95A2989621D37E8D00B16FE7 /* Release */ = {
			isa = XCBuildConfiguration;
			buildSettings = {
				ASSETCATALOG_COMPILER_APPICON_NAME = AppIcon;
				CODE_SIGN_STYLE = Automatic;
				INFOPLIST_FILE = Foursquare/Info.plist;
				LD_RUNPATH_SEARCH_PATHS = (
					"$(inherited)",
					"@executable_path/Frameworks",
				);
				PRODUCT_BUNDLE_IDENTIFIER = cz.levinzonr.Foursquare;
				PRODUCT_NAME = "$(TARGET_NAME)";
				SWIFT_VERSION = 4.2;
				TARGETED_DEVICE_FAMILY = "1,2";
			};
			name = Release;
		};
		95A2989821D37E8D00B16FE7 /* Debug */ = {
			isa = XCBuildConfiguration;
			buildSettings = {
				ALWAYS_EMBED_SWIFT_STANDARD_LIBRARIES = YES;
				BUNDLE_LOADER = "$(TEST_HOST)";
				CODE_SIGN_STYLE = Automatic;
				INFOPLIST_FILE = FoursquareTests/Info.plist;
				LD_RUNPATH_SEARCH_PATHS = (
					"$(inherited)",
					"@executable_path/Frameworks",
					"@loader_path/Frameworks",
				);
				PRODUCT_BUNDLE_IDENTIFIER = cz.levinzonr.FoursquareTests;
				PRODUCT_NAME = "$(TARGET_NAME)";
				SWIFT_VERSION = 4.2;
				TARGETED_DEVICE_FAMILY = "1,2";
				TEST_HOST = "$(BUILT_PRODUCTS_DIR)/Foursquare.app/Foursquare";
			};
			name = Debug;
		};
		95A2989921D37E8D00B16FE7 /* Release */ = {
			isa = XCBuildConfiguration;
			buildSettings = {
				ALWAYS_EMBED_SWIFT_STANDARD_LIBRARIES = YES;
				BUNDLE_LOADER = "$(TEST_HOST)";
				CODE_SIGN_STYLE = Automatic;
				INFOPLIST_FILE = FoursquareTests/Info.plist;
				LD_RUNPATH_SEARCH_PATHS = (
					"$(inherited)",
					"@executable_path/Frameworks",
					"@loader_path/Frameworks",
				);
				PRODUCT_BUNDLE_IDENTIFIER = cz.levinzonr.FoursquareTests;
				PRODUCT_NAME = "$(TARGET_NAME)";
				SWIFT_VERSION = 4.2;
				TARGETED_DEVICE_FAMILY = "1,2";
				TEST_HOST = "$(BUILT_PRODUCTS_DIR)/Foursquare.app/Foursquare";
			};
			name = Release;
		};
		95A2989B21D37E8D00B16FE7 /* Debug */ = {
			isa = XCBuildConfiguration;
			buildSettings = {
				ALWAYS_EMBED_SWIFT_STANDARD_LIBRARIES = YES;
				CODE_SIGN_STYLE = Automatic;
				INFOPLIST_FILE = FoursquareUITests/Info.plist;
				LD_RUNPATH_SEARCH_PATHS = (
					"$(inherited)",
					"@executable_path/Frameworks",
					"@loader_path/Frameworks",
				);
				PRODUCT_BUNDLE_IDENTIFIER = cz.levinzonr.FoursquareUITests;
				PRODUCT_NAME = "$(TARGET_NAME)";
				SWIFT_VERSION = 4.2;
				TARGETED_DEVICE_FAMILY = "1,2";
				TEST_TARGET_NAME = Foursquare;
			};
			name = Debug;
		};
		95A2989C21D37E8D00B16FE7 /* Release */ = {
			isa = XCBuildConfiguration;
			buildSettings = {
				ALWAYS_EMBED_SWIFT_STANDARD_LIBRARIES = YES;
				CODE_SIGN_STYLE = Automatic;
				INFOPLIST_FILE = FoursquareUITests/Info.plist;
				LD_RUNPATH_SEARCH_PATHS = (
					"$(inherited)",
					"@executable_path/Frameworks",
					"@loader_path/Frameworks",
				);
				PRODUCT_BUNDLE_IDENTIFIER = cz.levinzonr.FoursquareUITests;
				PRODUCT_NAME = "$(TARGET_NAME)";
				SWIFT_VERSION = 4.2;
				TARGETED_DEVICE_FAMILY = "1,2";
				TEST_TARGET_NAME = Foursquare;
			};
			name = Release;
		};
/* End XCBuildConfiguration section */

/* Begin XCConfigurationList section */
		95A2986721D37E8C00B16FE7 /* Build configuration list for PBXProject "Foursquare" */ = {
			isa = XCConfigurationList;
			buildConfigurations = (
				95A2989221D37E8D00B16FE7 /* Debug */,
				95A2989321D37E8D00B16FE7 /* Release */,
			);
			defaultConfigurationIsVisible = 0;
			defaultConfigurationName = Release;
		};
		95A2989421D37E8D00B16FE7 /* Build configuration list for PBXNativeTarget "Foursquare" */ = {
			isa = XCConfigurationList;
			buildConfigurations = (
				95A2989521D37E8D00B16FE7 /* Debug */,
				95A2989621D37E8D00B16FE7 /* Release */,
			);
			defaultConfigurationIsVisible = 0;
			defaultConfigurationName = Release;
		};
		95A2989721D37E8D00B16FE7 /* Build configuration list for PBXNativeTarget "FoursquareTests" */ = {
			isa = XCConfigurationList;
			buildConfigurations = (
				95A2989821D37E8D00B16FE7 /* Debug */,
				95A2989921D37E8D00B16FE7 /* Release */,
			);
			defaultConfigurationIsVisible = 0;
			defaultConfigurationName = Release;
		};
		95A2989A21D37E8D00B16FE7 /* Build configuration list for PBXNativeTarget "FoursquareUITests" */ = {
			isa = XCConfigurationList;
			buildConfigurations = (
				95A2989B21D37E8D00B16FE7 /* Debug */,
				95A2989C21D37E8D00B16FE7 /* Release */,
			);
			defaultConfigurationIsVisible = 0;
			defaultConfigurationName = Release;
		};
/* End XCConfigurationList section */
	};
	rootObject = 95A2986421D37E8C00B16FE7 /* Project object */;
}
